
Microsoft Visual Studio Solution File, Format Version 12.00
# Visual Studio Version 16
VisualStudioVersion = 16.0.32630.194
MinimumVisualStudioVersion = 10.0.40219.1
Project("{FAE04EC0-301F-11D3-BF4B-00C04F79EFBC}") = "Web", "Web\Web.csproj", "{8C76A48E-3FDB-4A0C-86F6-156DF4CAD42D}"
EndProject
Global
	GlobalSection(SolutionConfigurationPlatforms) = preSolution
		Debug|Any CPU = Debug|Any CPU
		Release|Any CPU = Release|Any CPU
	EndGlobalSection
	GlobalSection(ProjectConfigurationPlatforms) = postSolution
		{8C76A48E-3FDB-4A0C-86F6-156DF4CAD42D}.Debug|Any CPU.ActiveCfg = Debug|Any CPU
		{8C76A48E-3FDB-4A0C-86F6-156DF4CAD42D}.Debug|Any CPU.Build.0 = Debug|Any CPU
		{8C76A48E-3FDB-4A0C-86F6-156DF4CAD42D}.Release|Any CPU.ActiveCfg = Release|Any CPU
		{8C76A48E-3FDB-4A0C-86F6-156DF4CAD42D}.Release|Any CPU.Build.0 = Release|Any CPU
	EndGlobalSection
	GlobalSection(SolutionProperties) = preSolution
		HideSolutionNode = FALSE
	EndGlobalSection
	GlobalSection(ExtensibilityGlobals) = postSolution
		SolutionGuid = {B316270C-521B-488C-8BEB-05B40DA53216}
	EndGlobalSection
EndGlobal
